
Microsoft Visual Studio Solution File, Format Version 12.00
# Visual Studio Version 17
VisualStudioVersion = 17.6.33801.468
MinimumVisualStudioVersion = 10.0.40219.1
Project("{C9674DCB-5085-4A16-B785-4C70DD1589BD}") = "address_cleansing", "address_cleansing.dtproj", "{105701F6-D359-4BBA-85BD-B68D01BD884C}"
EndProject
Global
	GlobalSection(SolutionConfigurationPlatforms) = preSolution
		Development|Default = Development|Default
	EndGlobalSection
	GlobalSection(ProjectConfigurationPlatforms) = postSolution
		{105701F6-D359-4BBA-85BD-B68D01BD884C}.Development|Default.ActiveCfg = Development
		{105701F6-D359-4BBA-85BD-B68D01BD884C}.Development|Default.Build.0 = Development
	EndGlobalSection
	GlobalSection(SolutionProperties) = preSolution
		HideSolutionNode = FALSE
	EndGlobalSection
	GlobalSection(ExtensibilityGlobals) = postSolution
		SolutionGuid = {7F7DCFA6-CE43-45A0-8D31-649AAFB5A075}
	EndGlobalSection
EndGlobal
